
Microsoft Visual Studio Solution File, Format Version 12.00
# Visual Studio Version 17
VisualStudioVersion = 17.6.33815.320
MinimumVisualStudioVersion = 10.0.40219.1
Project("{FAE04EC0-301F-11D3-BF4B-00C04F79EFBC}") = "MarketConsole", "MarketConsole\MarketConsole.csproj", "{36C830A5-CF6D-403B-98F5-D3EBBC4E5D11}"
EndProject
Global
	GlobalSection(SolutionConfigurationPlatforms) = preSolution
		Debug|Any CPU = Debug|Any CPU
		Release|Any CPU = Release|Any CPU
	EndGlobalSection
	GlobalSection(ProjectConfigurationPlatforms) = postSolution
		{36C830A5-CF6D-403B-98F5-D3EBBC4E5D11}.Debug|Any CPU.ActiveCfg = Debug|Any CPU
		{36C830A5-CF6D-403B-98F5-D3EBBC4E5D11}.Debug|Any CPU.Build.0 = Debug|Any CPU
		{36C830A5-CF6D-403B-98F5-D3EBBC4E5D11}.Release|Any CPU.ActiveCfg = Release|Any CPU
		{36C830A5-CF6D-403B-98F5-D3EBBC4E5D11}.Release|Any CPU.Build.0 = Release|Any CPU
	EndGlobalSection
	GlobalSection(SolutionProperties) = preSolution
		HideSolutionNode = FALSE
	EndGlobalSection
	GlobalSection(ExtensibilityGlobals) = postSolution
		SolutionGuid = {474114F5-DDB4-4DE9-A5BC-3398165E231D}
	EndGlobalSection
EndGlobal
